
Microsoft Visual Studio Solution File, Format Version 12.00
# Visual Studio Version 16
VisualStudioVersion = 16.0.31205.134
MinimumVisualStudioVersion = 10.0.40219.1
Project("{FAE04EC0-301F-11D3-BF4B-00C04F79EFBC}") = "HttpRequester", "HttpRequester\HttpRequester.csproj", "{8A9C024C-3E37-45F4-A34A-B194BD8553BC}"
EndProject
Global
	GlobalSection(SolutionConfigurationPlatforms) = preSolution
		Debug|Any CPU = Debug|Any CPU
		Release|Any CPU = Release|Any CPU
	EndGlobalSection
	GlobalSection(ProjectConfigurationPlatforms) = postSolution
		{8A9C024C-3E37-45F4-A34A-B194BD8553BC}.Debug|Any CPU.ActiveCfg = Debug|Any CPU
		{8A9C024C-3E37-45F4-A34A-B194BD8553BC}.Debug|Any CPU.Build.0 = Debug|Any CPU
		{8A9C024C-3E37-45F4-A34A-B194BD8553BC}.Release|Any CPU.ActiveCfg = Release|Any CPU
		{8A9C024C-3E37-45F4-A34A-B194BD8553BC}.Release|Any CPU.Build.0 = Release|Any CPU
	EndGlobalSection
	GlobalSection(SolutionProperties) = preSolution
		HideSolutionNode = FALSE
	EndGlobalSection
	GlobalSection(ExtensibilityGlobals) = postSolution
		SolutionGuid = {7BE4E589-2B19-4E95-BA44-E1D292C8C4CD}
	EndGlobalSection
EndGlobal
